
Microsoft Visual Studio Solution File, Format Version 12.00
# Visual Studio 15
VisualStudioVersion = 15.0.27703.2047
MinimumVisualStudioVersion = 10.0.40219.1
Project("{FAE04EC0-301F-11D3-BF4B-00C04F79EFBC}") = "OnlineExamApp", "OnlineExamApp\OnlineExamApp.csproj", "{78667276-69EF-4A48-BE37-6B0C5E7DF6D0}"
EndProject
Project("{FAE04EC0-301F-11D3-BF4B-00C04F79EFBC}") = "OnlineExam.Repository", "OnlineExam.Repository\OnlineExam.Repository.csproj", "{1BABD43B-0EA0-4CA9-A20D-A0AA827F0FD3}"
EndProject
Project("{FAE04EC0-301F-11D3-BF4B-00C04F79EFBC}") = "OnlineExam.DataContext", "OnlineExam.DataContext\OnlineExam.DataContext.csproj", "{87B2F846-970E-44DB-BDDB-2318C2293B64}"
EndProject
Project("{FAE04EC0-301F-11D3-BF4B-00C04F79EFBC}") = "OnlineExams.BLL", "OnlineExams.BLL\OnlineExams.BLL.csproj", "{8D1E4104-85D3-4556-90BA-89BD12B64944}"
EndProject
Project("{FAE04EC0-301F-11D3-BF4B-00C04F79EFBC}") = "OnlineExams.Models", "OnlineExams.Models\OnlineExams.Models.csproj", "{A5089102-DD93-4C2B-A5FC-298A1CB71C74}"
EndProject
Global
	GlobalSection(SolutionConfigurationPlatforms) = preSolution
		Debug|Any CPU = Debug|Any CPU
		Release|Any CPU = Release|Any CPU
	EndGlobalSection
	GlobalSection(ProjectConfigurationPlatforms) = postSolution
		{78667276-69EF-4A48-BE37-6B0C5E7DF6D0}.Debug|Any CPU.ActiveCfg = Debug|Any CPU
		{78667276-69EF-4A48-BE37-6B0C5E7DF6D0}.Debug|Any CPU.Build.0 = Debug|Any CPU
		{78667276-69EF-4A48-BE37-6B0C5E7DF6D0}.Release|Any CPU.ActiveCfg = Release|Any CPU
		{78667276-69EF-4A48-BE37-6B0C5E7DF6D0}.Release|Any CPU.Build.0 = Release|Any CPU
		{1BABD43B-0EA0-4CA9-A20D-A0AA827F0FD3}.Debug|Any CPU.ActiveCfg = Debug|Any CPU
		{1BABD43B-0EA0-4CA9-A20D-A0AA827F0FD3}.Debug|Any CPU.Build.0 = Debug|Any CPU
		{1BABD43B-0EA0-4CA9-A20D-A0AA827F0FD3}.Release|Any CPU.ActiveCfg = Release|Any CPU
		{1BABD43B-0EA0-4CA9-A20D-A0AA827F0FD3}.Release|Any CPU.Build.0 = Release|Any CPU
		{87B2F846-970E-44DB-BDDB-2318C2293B64}.Debug|Any CPU.ActiveCfg = Debug|Any CPU
		{87B2F846-970E-44DB-BDDB-2318C2293B64}.Debug|Any CPU.Build.0 = Debug|Any CPU
		{87B2F846-970E-44DB-BDDB-2318C2293B64}.Release|Any CPU.ActiveCfg = Release|Any CPU
		{87B2F846-970E-44DB-BDDB-2318C2293B64}.Release|Any CPU.Build.0 = Release|Any CPU
		{8D1E4104-85D3-4556-90BA-89BD12B64944}.Debug|Any CPU.ActiveCfg = Debug|Any CPU
		{8D1E4104-85D3-4556-90BA-89BD12B64944}.Debug|Any CPU.Build.0 = Debug|Any CPU
		{8D1E4104-85D3-4556-90BA-89BD12B64944}.Release|Any CPU.ActiveCfg = Release|Any CPU
		{8D1E4104-85D3-4556-90BA-89BD12B64944}.Release|Any CPU.Build.0 = Release|Any CPU
		{A5089102-DD93-4C2B-A5FC-298A1CB71C74}.Debug|Any CPU.ActiveCfg = Debug|Any CPU
		{A5089102-DD93-4C2B-A5FC-298A1CB71C74}.Debug|Any CPU.Build.0 = Debug|Any CPU
		{A5089102-DD93-4C2B-A5FC-298A1CB71C74}.Release|Any CPU.ActiveCfg = Release|Any CPU
		{A5089102-DD93-4C2B-A5FC-298A1CB71C74}.Release|Any CPU.Build.0 = Release|Any CPU
	EndGlobalSection
	GlobalSection(SolutionProperties) = preSolution
		HideSolutionNode = FALSE
	EndGlobalSection
	GlobalSection(ExtensibilityGlobals) = postSolution
		SolutionGuid = {B74B5A80-0D33-48C8-AD63-564FFA0CEEBC}
	EndGlobalSection
EndGlobal
